# THIS IS AN AUTOGENERATED FILE. DO NOT EDIT THIS FILE DIRECTLY.
# yarn lockfile v1


"@remix-run/router@1.16.1":
  version "1.16.1"
  resolved "https://registry.yarnpkg.com/@remix-run/router/-/router-1.16.1.tgz#73db3c48b975eeb06d0006481bde4f5f2d17d1cd"
  integrity sha512-es2g3dq6Nb07iFxGk5GuHN20RwBZOsuDQN7izWIisUcv9r+d2C5jQxqmgkdebXgReWfiyUabcki6Fg77mSNrig==

react-router-dom@^6.23.1:
  version "6.23.1"
  resolved "https://registry.yarnpkg.com/react-router-dom/-/react-router-dom-6.23.1.tgz#30cbf266669693e9492aa4fc0dde2541ab02322f"
  integrity sha512-utP+K+aSTtEdbWpC+4gxhdlPFwuEfDKq8ZrPFU65bbRJY+l706qjR7yaidBpo3MSeA/fzwbXWbKBI6ftOnP3OQ==
  dependencies:
    "@remix-run/router" "1.16.1"
    react-router "6.23.1"

react-router@6.23.1:
  version "6.23.1"
  resolved "https://registry.yarnpkg.com/react-router/-/react-router-6.23.1.tgz#d08cbdbd9d6aedc13eea6e94bc6d9b29cb1c4be9"
  integrity sha512-fzcOaRF69uvqbbM7OhvQyBTFDVrrGlsFdS3AL+1KfIBtGETibHzi3FkoTRyiDJnWNc2VxrfvR+657ROHjaNjqQ==
  dependencies:
    "@remix-run/router" "1.16.1"
